
Microsoft Visual Studio Solution File, Format Version 12.00
# Visual Studio 15
VisualStudioVersion = 15.0.27130.2036
MinimumVisualStudioVersion = 10.0.40219.1
Project("{FAE04EC0-301F-11D3-BF4B-00C04F79EFBC}") = "ProjectGram", "ProjectGram\ProjectGram.csproj", "{FB9B188A-D5BA-4D2F-84AD-CFACF4F4AB20}"
EndProject
Global
	GlobalSection(SolutionConfigurationPlatforms) = preSolution
		Debug|Any CPU = Debug|Any CPU
		Release|Any CPU = Release|Any CPU
	EndGlobalSection
	GlobalSection(ProjectConfigurationPlatforms) = postSolution
		{FB9B188A-D5BA-4D2F-84AD-CFACF4F4AB20}.Debug|Any CPU.ActiveCfg = Debug|Any CPU
		{FB9B188A-D5BA-4D2F-84AD-CFACF4F4AB20}.Debug|Any CPU.Build.0 = Debug|Any CPU
		{FB9B188A-D5BA-4D2F-84AD-CFACF4F4AB20}.Release|Any CPU.ActiveCfg = Release|Any CPU
		{FB9B188A-D5BA-4D2F-84AD-CFACF4F4AB20}.Release|Any CPU.Build.0 = Release|Any CPU
	EndGlobalSection
	GlobalSection(SolutionProperties) = preSolution
		HideSolutionNode = FALSE
	EndGlobalSection
	GlobalSection(ExtensibilityGlobals) = postSolution
		SolutionGuid = {B28D9A10-FD5C-4DD0-887A-0E5FC0CE5C82}
	EndGlobalSection
EndGlobal
